
Microsoft Visual Studio Solution File, Format Version 12.00
# Visual Studio Version 16
VisualStudioVersion = 16.0.31729.503
MinimumVisualStudioVersion = 10.0.40219.1
Project("{FAE04EC0-301F-11D3-BF4B-00C04F79EFBC}") = "11.05.2022classworkcsh", "11.05.2022classworkcsh.csproj", "{EADC7258-920C-457F-ADA1-3B71D107D729}"
EndProject
Global
	GlobalSection(SolutionConfigurationPlatforms) = preSolution
		Debug|Any CPU = Debug|Any CPU
		Release|Any CPU = Release|Any CPU
	EndGlobalSection
	GlobalSection(ProjectConfigurationPlatforms) = postSolution
		{EADC7258-920C-457F-ADA1-3B71D107D729}.Debug|Any CPU.ActiveCfg = Debug|Any CPU
		{EADC7258-920C-457F-ADA1-3B71D107D729}.Debug|Any CPU.Build.0 = Debug|Any CPU
		{EADC7258-920C-457F-ADA1-3B71D107D729}.Release|Any CPU.ActiveCfg = Release|Any CPU
		{EADC7258-920C-457F-ADA1-3B71D107D729}.Release|Any CPU.Build.0 = Release|Any CPU
	EndGlobalSection
	GlobalSection(SolutionProperties) = preSolution
		HideSolutionNode = FALSE
	EndGlobalSection
	GlobalSection(ExtensibilityGlobals) = postSolution
		SolutionGuid = {75715529-1535-4924-8299-6A95FC2BCFDE}
	EndGlobalSection
EndGlobal
